
Microsoft Visual Studio Solution File, Format Version 12.00
# Visual Studio Version 17
VisualStudioVersion = 17.5.33424.131
MinimumVisualStudioVersion = 10.0.40219.1
Project("{FAE04EC0-301F-11D3-BF4B-00C04F79EFBC}") = "API-Managment", "API-Managment\API-Managment.csproj", "{E961637D-BB5B-440E-8AD3-51100C616DEF}"
EndProject
Global
	GlobalSection(SolutionConfigurationPlatforms) = preSolution
		Debug|Any CPU = Debug|Any CPU
		Release|Any CPU = Release|Any CPU
	EndGlobalSection
	GlobalSection(ProjectConfigurationPlatforms) = postSolution
		{E961637D-BB5B-440E-8AD3-51100C616DEF}.Debug|Any CPU.ActiveCfg = Debug|Any CPU
		{E961637D-BB5B-440E-8AD3-51100C616DEF}.Debug|Any CPU.Build.0 = Debug|Any CPU
		{E961637D-BB5B-440E-8AD3-51100C616DEF}.Release|Any CPU.ActiveCfg = Release|Any CPU
		{E961637D-BB5B-440E-8AD3-51100C616DEF}.Release|Any CPU.Build.0 = Release|Any CPU
	EndGlobalSection
	GlobalSection(SolutionProperties) = preSolution
		HideSolutionNode = FALSE
	EndGlobalSection
	GlobalSection(ExtensibilityGlobals) = postSolution
		SolutionGuid = {9BA790F3-3B0D-4B7B-8D1F-2678F351B8D4}
	EndGlobalSection
EndGlobal
